{
  "originHash" : "c0b4a96bb138535b7aadefdef42af271228c6f7f685a6211395959f75d3e7dda",
  "pins" : [
    {
      "identity" : "callable",
      "kind" : "remoteSourceControl",
      "location" : "https://github.com/ElevatedUnderdogs/Callable.git",
      "state" : {
        "revision" : "5e6de476a268e5858b78eed17d51162eccaf4203",
        "version" : "3.0.0"
      }
    },
    {
      "identity" : "encryptdecryptkey",
      "kind" : "remoteSourceControl",
      "location" : "https://github.com/scott-lydon/EncryptDecryptKey.git",
      "state" : {
        "revision" : "ba48954a8070fc5cdd1e4c6c7947c1649fc6b489",
        "version" : "1.1.1"
      }
    },
    {
      "identity" : "strongcontractclient",
      "kind" : "remoteSourceControl",
      "location" : "https://github.com/scott-lydon/StrongContractClient.git",
      "state" : {
        "revision" : "e55497c23d54835cff7d6f19491b5d7d81f1a8c4",
        "version" : "10.0.2"
      }
    },
    {
      "identity" : "swift-asn1",
      "kind" : "remoteSourceControl",
      "location" : "https://github.com/apple/swift-asn1.git",
      "state" : {
        "revision" : "ae33e5941bb88d88538d0a6b19ca0b01e6c76dcf",
        "version" : "1.3.1"
      }
    },
    {
      "identity" : "swift-crypto",
      "kind" : "remoteSourceControl",
      "location" : "https://github.com/apple/swift-crypto.git",
      "state" : {
        "revision" : "a6ce32a18b81b04ce7e897d1d98df6eb2da04786",
        "version" : "3.12.2"
      }
    }
  ],
  "version" : 3
}
