{
  "originHash" : "a278eca09b44b4869e175d9797cdbf95f4d5294ab182073dd2f4d5d3b7c106e4",
  "pins" : [
    {
      "identity" : "callable",
      "kind" : "remoteSourceControl",
      "location" : "https://github.com/ElevatedUnderdogs/Callable.git",
      "state" : {
        "revision" : "5e6de476a268e5858b78eed17d51162eccaf4203",
        "version" : "3.0.0"
      }
    },
    {
      "identity" : "encryptdecryptkey",
      "kind" : "remoteSourceControl",
      "location" : "https://github.com/scott-lydon/EncryptDecryptKey.git",
      "state" : {
        "revision" : "2edb14cf97fea00ec8d172c82aa56d419ef937b8",
        "version" : "1.0.4"
      }
    },
    {
      "identity" : "strongcontractclient",
      "kind" : "remoteSourceControl",
      "location" : "https://github.com/scott-lydon/StrongContractClient.git",
      "state" : {
        "revision" : "e55497c23d54835cff7d6f19491b5d7d81f1a8c4",
        "version" : "10.0.2"
      }
    }
  ],
  "version" : 3
}
