{
  "originHash" : "db5bb69327302c244a734d5f9e03f73d5a5e3626c4bd2f24686f023795235249",
  "pins" : [
    {
      "identity" : "callable",
      "kind" : "remoteSourceControl",
      "location" : "https://github.com/ElevatedUnderdogs/Callable.git",
      "state" : {
        "revision" : "5e6de476a268e5858b78eed17d51162eccaf4203",
        "version" : "3.0.0"
      }
    },
    {
      "identity" : "encryptdecryptkey",
      "kind" : "remoteSourceControl",
      "location" : "https://github.com/scott-lydon/EncryptDecryptKey.git",
      "state" : {
        "revision" : "2edb14cf97fea00ec8d172c82aa56d419ef937b8",
        "version" : "1.0.4"
      }
    },
    {
      "identity" : "strongcontractclient",
      "kind" : "remoteSourceControl",
      "location" : "https://github.com/scott-lydon/StrongContractClient.git",
      "state" : {
        "revision" : "17398ce750ce8c910ce6d51253ac149fc7558bf8",
        "version" : "10.0.1"
      }
    }
  ],
  "version" : 3
}
